
Microsoft Visual Studio Solution File, Format Version 12.00
# Visual Studio Version 17
VisualStudioVersion = 17.9.34622.214
MinimumVisualStudioVersion = 10.0.40219.1
Project("{FAE04EC0-301F-11D3-BF4B-00C04F79EFBC}") = "practica 3.2", "practica 3.2\practica 3.2.csproj", "{6CDA1E5D-9B14-4151-8698-DB8F6A6B3809}"
EndProject
Global
	GlobalSection(SolutionConfigurationPlatforms) = preSolution
		Debug|Any CPU = Debug|Any CPU
		Release|Any CPU = Release|Any CPU
	EndGlobalSection
	GlobalSection(ProjectConfigurationPlatforms) = postSolution
		{6CDA1E5D-9B14-4151-8698-DB8F6A6B3809}.Debug|Any CPU.ActiveCfg = Debug|Any CPU
		{6CDA1E5D-9B14-4151-8698-DB8F6A6B3809}.Debug|Any CPU.Build.0 = Debug|Any CPU
		{6CDA1E5D-9B14-4151-8698-DB8F6A6B3809}.Release|Any CPU.ActiveCfg = Release|Any CPU
		{6CDA1E5D-9B14-4151-8698-DB8F6A6B3809}.Release|Any CPU.Build.0 = Release|Any CPU
	EndGlobalSection
	GlobalSection(SolutionProperties) = preSolution
		HideSolutionNode = FALSE
	EndGlobalSection
	GlobalSection(ExtensibilityGlobals) = postSolution
		SolutionGuid = {88957A00-EEC4-49E0-A09E-FC4EEC5E31A6}
	EndGlobalSection
EndGlobal
